
Microsoft Visual Studio Solution File, Format Version 12.00
# Visual Studio 2012
Project("{FAE04EC0-301F-11D3-BF4B-00C04F79EFBC}") = "Gallery", "Gallery\Gallery.csproj", "{A9309B6B-8D47-41F9-A16F-34BBC13F1D0D}"
EndProject
Global
	GlobalSection(SolutionConfigurationPlatforms) = preSolution
		Debug|Any CPU = Debug|Any CPU
		Release|Any CPU = Release|Any CPU
	EndGlobalSection
	GlobalSection(ProjectConfigurationPlatforms) = postSolution
		{A9309B6B-8D47-41F9-A16F-34BBC13F1D0D}.Debug|Any CPU.ActiveCfg = Debug|Any CPU
		{A9309B6B-8D47-41F9-A16F-34BBC13F1D0D}.Debug|Any CPU.Build.0 = Debug|Any CPU
		{A9309B6B-8D47-41F9-A16F-34BBC13F1D0D}.Release|Any CPU.ActiveCfg = Release|Any CPU
		{A9309B6B-8D47-41F9-A16F-34BBC13F1D0D}.Release|Any CPU.Build.0 = Release|Any CPU
	EndGlobalSection
	GlobalSection(SolutionProperties) = preSolution
		HideSolutionNode = FALSE
	EndGlobalSection
EndGlobal
